# This file is automatically generated.
# It is not intended for manual editing.
version = 1

[[packages]]
name = "roastedroot:quickjs4j-javy-plugin"
registry = "ghcr.io"

[[packages.versions]]
requirement = "=999.0.0-SNAPSHOT"
version = "999.0.0-SNAPSHOT"
digest = "sha256:dd1166f832008be474c36127bb89dfbae88b9ca9c893fb28f27f92b64c5c555d"
