# This file is automatically generated.
# It is not intended for manual editing.
version = 1

[[packages]]
name = "roastedroot:quickjs4j-javy-plugin"
registry = "ghcr.io"

[[packages.versions]]
requirement = "=999.0.0-SNAPSHOT"
version = "999.0.0-SNAPSHOT"
digest = "sha256:621fb3dc02256ca23f970c24abfc8c29ae96c53cb702046b22c53e28e4251d2f"
